// !$*UTF8*$!
{
	archiveVersion = 1;
	classes = {
	};
	objectVersion = 46;
	objects = {

/* Begin PBXBuildFile section */
		30A12456B74E2B4A87FAB67D /* Pods_SampleFirebase.framework in Frameworks */ = {isa = PBXBuildFile; fileRef = 58CA15B3B4C165725F8260C8 /* Pods_SampleFirebase.framework */; };
		C309EE571CF9D05000DC265E /* AppDelegate.swift in Sources */ = {isa = PBXBuildFile; fileRef = C309EE561CF9D05000DC265E /* AppDelegate.swift */; };
		C309EE5E1CF9D05000DC265E /* Assets.xcassets in Resources */ = {isa = PBXBuildFile; fileRef = C309EE5D1CF9D05000DC265E /* Assets.xcassets */; };
		C309EE611CF9D05000DC265E /* LaunchScreen.storyboard in Resources */ = {isa = PBXBuildFile; fileRef = C309EE5F1CF9D05000DC265E /* LaunchScreen.storyboard */; };
		C3AE37041D0EE0F6009B56D3 /* AuthEmailPasswordViewController.swift in Sources */ = {isa = PBXBuildFile; fileRef = C3AE37031D0EE0F6009B56D3 /* AuthEmailPasswordViewController.swift */; };
		C3CA3C2B1D0D01A2000FEF66 /* auth_service_anonymous.svg in Resources */ = {isa = PBXBuildFile; fileRef = C3CA3C251D0D01A2000FEF66 /* auth_service_anonymous.svg */; };
		C3CA3C2C1D0D01A2000FEF66 /* auth_service_email.svg in Resources */ = {isa = PBXBuildFile; fileRef = C3CA3C261D0D01A2000FEF66 /* auth_service_email.svg */; };
		C3CA3C2D1D0D01A2000FEF66 /* auth_service_facebook.svg in Resources */ = {isa = PBXBuildFile; fileRef = C3CA3C271D0D01A2000FEF66 /* auth_service_facebook.svg */; };
		C3CA3C2E1D0D01A2000FEF66 /* auth_service_github.svg in Resources */ = {isa = PBXBuildFile; fileRef = C3CA3C281D0D01A2000FEF66 /* auth_service_github.svg */; };
		C3CA3C2F1D0D01A2000FEF66 /* auth_service_google.svg in Resources */ = {isa = PBXBuildFile; fileRef = C3CA3C291D0D01A2000FEF66 /* auth_service_google.svg */; };
		C3CA3C301D0D01A2000FEF66 /* auth_service_twitter.svg in Resources */ = {isa = PBXBuildFile; fileRef = C3CA3C2A1D0D01A2000FEF66 /* auth_service_twitter.svg */; };
		C3D399E51D0B875C00FD9838 /* GoogleService-Info.plist in Resources */ = {isa = PBXBuildFile; fileRef = C3D399E41D0B875C00FD9838 /* GoogleService-Info.plist */; };
		C3D399E71D0B88D400FD9838 /* Function.storyboard in Resources */ = {isa = PBXBuildFile; fileRef = C3D399E61D0B88D400FD9838 /* Function.storyboard */; };
		C3D399E91D0B894200FD9838 /* Dummy.storyboard in Resources */ = {isa = PBXBuildFile; fileRef = C3D399E81D0B894200FD9838 /* Dummy.storyboard */; };
		C3F1A09A1D0D462400214EDA /* AuthAnonymous.storyboard in Resources */ = {isa = PBXBuildFile; fileRef = C3F1A0991D0D462400214EDA /* AuthAnonymous.storyboard */; };
		C3F1A09C1D0D468900214EDA /* AuthAnonymousViewController.swift in Sources */ = {isa = PBXBuildFile; fileRef = C3F1A09B1D0D468900214EDA /* AuthAnonymousViewController.swift */; };
		C3FB2E9D1D0D91350042704C /* AuthEmailPassword.storyboard in Resources */ = {isa = PBXBuildFile; fileRef = C3FB2E9C1D0D91350042704C /* AuthEmailPassword.storyboard */; };
		C3FBFC361CF9D36100156DA8 /* Main.storyboard in Resources */ = {isa = PBXBuildFile; fileRef = C3FBFC351CF9D36100156DA8 /* Main.storyboard */; };
/* End PBXBuildFile section */

/* Begin PBXFileReference section */
		4C99729DB5A49AA053DC9117 /* Pods-SampleFirebase.debug.xcconfig */ = {isa = PBXFileReference; includeInIndex = 1; lastKnownFileType = text.xcconfig; name = "Pods-SampleFirebase.debug.xcconfig"; path = "Pods/Target Support Files/Pods-SampleFirebase/Pods-SampleFirebase.debug.xcconfig"; sourceTree = "<group>"; };
		58CA15B3B4C165725F8260C8 /* Pods_SampleFirebase.framework */ = {isa = PBXFileReference; explicitFileType = wrapper.framework; includeInIndex = 0; path = Pods_SampleFirebase.framework; sourceTree = BUILT_PRODUCTS_DIR; };
		9CF243704BC726334E305A84 /* Pods-SampleFirebase.release.xcconfig */ = {isa = PBXFileReference; includeInIndex = 1; lastKnownFileType = text.xcconfig; name = "Pods-SampleFirebase.release.xcconfig"; path = "Pods/Target Support Files/Pods-SampleFirebase/Pods-SampleFirebase.release.xcconfig"; sourceTree = "<group>"; };
		C309EE531CF9D05000DC265E /* SampleFirebase.app */ = {isa = PBXFileReference; explicitFileType = wrapper.application; includeInIndex = 0; path = SampleFirebase.app; sourceTree = BUILT_PRODUCTS_DIR; };
		C309EE561CF9D05000DC265E /* AppDelegate.swift */ = {isa = PBXFileReference; lastKnownFileType = sourcecode.swift; path = AppDelegate.swift; sourceTree = "<group>"; };
		C309EE5D1CF9D05000DC265E /* Assets.xcassets */ = {isa = PBXFileReference; lastKnownFileType = folder.assetcatalog; path = Assets.xcassets; sourceTree = "<group>"; };
		C309EE601CF9D05000DC265E /* Base */ = {isa = PBXFileReference; lastKnownFileType = file.storyboard; name = Base; path = Base.lproj/LaunchScreen.storyboard; sourceTree = "<group>"; };
		C309EE621CF9D05000DC265E /* Info.plist */ = {isa = PBXFileReference; lastKnownFileType = text.plist.xml; path = Info.plist; sourceTree = "<group>"; };
		C3AE37031D0EE0F6009B56D3 /* AuthEmailPasswordViewController.swift */ = {isa = PBXFileReference; fileEncoding = 4; lastKnownFileType = sourcecode.swift; name = AuthEmailPasswordViewController.swift; path = ViewController/AuthEmailPasswordViewController.swift; sourceTree = "<group>"; };
		C3CA3C251D0D01A2000FEF66 /* auth_service_anonymous.svg */ = {isa = PBXFileReference; fileEncoding = 4; lastKnownFileType = text; name = auth_service_anonymous.svg; path = Resources/images/auth_service_anonymous.svg; sourceTree = "<group>"; };
		C3CA3C261D0D01A2000FEF66 /* auth_service_email.svg */ = {isa = PBXFileReference; fileEncoding = 4; lastKnownFileType = text; name = auth_service_email.svg; path = Resources/images/auth_service_email.svg; sourceTree = "<group>"; };
		C3CA3C271D0D01A2000FEF66 /* auth_service_facebook.svg */ = {isa = PBXFileReference; fileEncoding = 4; lastKnownFileType = text; name = auth_service_facebook.svg; path = Resources/images/auth_service_facebook.svg; sourceTree = "<group>"; };
		C3CA3C281D0D01A2000FEF66 /* auth_service_github.svg */ = {isa = PBXFileReference; fileEncoding = 4; lastKnownFileType = text; name = auth_service_github.svg; path = Resources/images/auth_service_github.svg; sourceTree = "<group>"; };
		C3CA3C291D0D01A2000FEF66 /* auth_service_google.svg */ = {isa = PBXFileReference; fileEncoding = 4; lastKnownFileType = text; name = auth_service_google.svg; path = Resources/images/auth_service_google.svg; sourceTree = "<group>"; };
		C3CA3C2A1D0D01A2000FEF66 /* auth_service_twitter.svg */ = {isa = PBXFileReference; fileEncoding = 4; lastKnownFileType = text; name = auth_service_twitter.svg; path = Resources/images/auth_service_twitter.svg; sourceTree = "<group>"; };
		C3CA3C311D0D01BD000FEF66 /* SampleFirebase-Bridging-Header.h */ = {isa = PBXFileReference; lastKnownFileType = sourcecode.c.h; path = "SampleFirebase-Bridging-Header.h"; sourceTree = "<group>"; };
		C3D399E41D0B875C00FD9838 /* GoogleService-Info.plist */ = {isa = PBXFileReference; fileEncoding = 4; lastKnownFileType = text.plist.xml; path = "GoogleService-Info.plist"; sourceTree = "<group>"; };
		C3D399E61D0B88D400FD9838 /* Function.storyboard */ = {isa = PBXFileReference; fileEncoding = 4; lastKnownFileType = file.storyboard; name = Function.storyboard; path = Storyboard/Function.storyboard; sourceTree = "<group>"; };
		C3D399E81D0B894200FD9838 /* Dummy.storyboard */ = {isa = PBXFileReference; fileEncoding = 4; lastKnownFileType = file.storyboard; name = Dummy.storyboard; path = Storyboard/Dummy.storyboard; sourceTree = "<group>"; };
		C3F1A0991D0D462400214EDA /* AuthAnonymous.storyboard */ = {isa = PBXFileReference; fileEncoding = 4; lastKnownFileType = file.storyboard; name = AuthAnonymous.storyboard; path = Storyboard/AuthAnonymous.storyboard; sourceTree = "<group>"; };
		C3F1A09B1D0D468900214EDA /* AuthAnonymousViewController.swift */ = {isa = PBXFileReference; fileEncoding = 4; lastKnownFileType = sourcecode.swift; name = AuthAnonymousViewController.swift; path = ViewController/AuthAnonymousViewController.swift; sourceTree = "<group>"; };
		C3FB2E9C1D0D91350042704C /* AuthEmailPassword.storyboard */ = {isa = PBXFileReference; fileEncoding = 4; lastKnownFileType = file.storyboard; path = AuthEmailPassword.storyboard; sourceTree = "<group>"; };
		C3FBFC351CF9D36100156DA8 /* Main.storyboard */ = {isa = PBXFileReference; fileEncoding = 4; lastKnownFileType = file.storyboard; name = Main.storyboard; path = Storyboard/Main.storyboard; sourceTree = "<group>"; };
/* End PBXFileReference section */

/* Begin PBXFrameworksBuildPhase section */
		C309EE501CF9D05000DC265E /* Frameworks */ = {
			isa = PBXFrameworksBuildPhase;
			buildActionMask = 2147483647;
			files = (
				30A12456B74E2B4A87FAB67D /* Pods_SampleFirebase.framework in Frameworks */,
			);
			runOnlyForDeploymentPostprocessing = 0;
		};
/* End PBXFrameworksBuildPhase section */

/* Begin PBXGroup section */
		C309EE4A1CF9D05000DC265E = {
			isa = PBXGroup;
			children = (
				C309EE551CF9D05000DC265E /* SampleFirebase */,
				C309EE541CF9D05000DC265E /* Products */,
				C6E323D923288F7AAA681583 /* Pods */,
				D62F5D0F14401C574E57CC3B /* Frameworks */,
			);
			sourceTree = "<group>";
		};
		C309EE541CF9D05000DC265E /* Products */ = {
			isa = PBXGroup;
			children = (
				C309EE531CF9D05000DC265E /* SampleFirebase.app */,
			);
			name = Products;
			sourceTree = "<group>";
		};
		C309EE551CF9D05000DC265E /* SampleFirebase */ = {
			isa = PBXGroup;
			children = (
				C309EE561CF9D05000DC265E /* AppDelegate.swift */,
				C3CA3C311D0D01BD000FEF66 /* SampleFirebase-Bridging-Header.h */,
				C3FBFC341CF9D33E00156DA8 /* ViewController */,
				C3CA3C231D0D0188000FEF66 /* Resources */,
				C3FBFC331CF9D32E00156DA8 /* Storyboard */,
				C309EE5D1CF9D05000DC265E /* Assets.xcassets */,
				C309EE5F1CF9D05000DC265E /* LaunchScreen.storyboard */,
				C3D399E41D0B875C00FD9838 /* GoogleService-Info.plist */,
				C309EE621CF9D05000DC265E /* Info.plist */,
			);
			path = SampleFirebase;
			sourceTree = "<group>";
		};
		C3CA3C231D0D0188000FEF66 /* Resources */ = {
			isa = PBXGroup;
			children = (
				C3CA3C241D0D0198000FEF66 /* images */,
			);
			name = Resources;
			sourceTree = "<group>";
		};
		C3CA3C241D0D0198000FEF66 /* images */ = {
			isa = PBXGroup;
			children = (
				C3CA3C251D0D01A2000FEF66 /* auth_service_anonymous.svg */,
				C3CA3C261D0D01A2000FEF66 /* auth_service_email.svg */,
				C3CA3C271D0D01A2000FEF66 /* auth_service_facebook.svg */,
				C3CA3C281D0D01A2000FEF66 /* auth_service_github.svg */,
				C3CA3C291D0D01A2000FEF66 /* auth_service_google.svg */,
				C3CA3C2A1D0D01A2000FEF66 /* auth_service_twitter.svg */,
			);
			name = images;
			sourceTree = "<group>";
		};
		C3FBFC331CF9D32E00156DA8 /* Storyboard */ = {
			isa = PBXGroup;
			children = (
				C3FBFC351CF9D36100156DA8 /* Main.storyboard */,
				C3D399E61D0B88D400FD9838 /* Function.storyboard */,
				C3D399E81D0B894200FD9838 /* Dummy.storyboard */,
				C3F1A0991D0D462400214EDA /* AuthAnonymous.storyboard */,
				C3FB2E9C1D0D91350042704C /* AuthEmailPassword.storyboard */,
			);
			name = Storyboard;
			sourceTree = "<group>";
		};
		C3FBFC341CF9D33E00156DA8 /* ViewController */ = {
			isa = PBXGroup;
			children = (
				C3F1A09B1D0D468900214EDA /* AuthAnonymousViewController.swift */,
				C3AE37031D0EE0F6009B56D3 /* AuthEmailPasswordViewController.swift */,
			);
			name = ViewController;
			sourceTree = "<group>";
		};
		C6E323D923288F7AAA681583 /* Pods */ = {
			isa = PBXGroup;
			children = (
				4C99729DB5A49AA053DC9117 /* Pods-SampleFirebase.debug.xcconfig */,
				9CF243704BC726334E305A84 /* Pods-SampleFirebase.release.xcconfig */,
			);
			name = Pods;
			sourceTree = "<group>";
		};
		D62F5D0F14401C574E57CC3B /* Frameworks */ = {
			isa = PBXGroup;
			children = (
				58CA15B3B4C165725F8260C8 /* Pods_SampleFirebase.framework */,
			);
			name = Frameworks;
			sourceTree = "<group>";
		};
/* End PBXGroup section */

/* Begin PBXNativeTarget section */
		C309EE521CF9D05000DC265E /* SampleFirebase */ = {
			isa = PBXNativeTarget;
			buildConfigurationList = C309EE651CF9D05000DC265E /* Build configuration list for PBXNativeTarget "SampleFirebase" */;
			buildPhases = (
				98A8AD0C6F48B38C37B7C999 /* 📦 Check Pods Manifest.lock */,
				C309EE4F1CF9D05000DC265E /* Sources */,
				C309EE501CF9D05000DC265E /* Frameworks */,
				C309EE511CF9D05000DC265E /* Resources */,
				8926307A3B309595FB6DE3AB /* 📦 Embed Pods Frameworks */,
				5DA6B14EC7E8B36258C0F01B /* 📦 Copy Pods Resources */,
			);
			buildRules = (
			);
			dependencies = (
			);
			name = SampleFirebase;
			productName = SampleFirebase;
			productReference = C309EE531CF9D05000DC265E /* SampleFirebase.app */;
			productType = "com.apple.product-type.application";
		};
/* End PBXNativeTarget section */

/* Begin PBXProject section */
		C309EE4B1CF9D05000DC265E /* Project object */ = {
			isa = PBXProject;
			attributes = {
				LastSwiftUpdateCheck = 0730;
				LastUpgradeCheck = 0730;
				ORGANIZATIONNAME = "Takahiro Tsuchiya";
				TargetAttributes = {
					C309EE521CF9D05000DC265E = {
						CreatedOnToolsVersion = 7.3.1;
					};
				};
			};
			buildConfigurationList = C309EE4E1CF9D05000DC265E /* Build configuration list for PBXProject "SampleFirebase" */;
			compatibilityVersion = "Xcode 3.2";
			developmentRegion = English;
			hasScannedForEncodings = 0;
			knownRegions = (
				en,
				Base,
			);
			mainGroup = C309EE4A1CF9D05000DC265E;
			productRefGroup = C309EE541CF9D05000DC265E /* Products */;
			projectDirPath = "";
			projectRoot = "";
			targets = (
				C309EE521CF9D05000DC265E /* SampleFirebase */,
			);
		};
/* End PBXProject section */

/* Begin PBXResourcesBuildPhase section */
		C309EE511CF9D05000DC265E /* Resources */ = {
			isa = PBXResourcesBuildPhase;
			buildActionMask = 2147483647;
			files = (
				C3CA3C2D1D0D01A2000FEF66 /* auth_service_facebook.svg in Resources */,
				C309EE611CF9D05000DC265E /* LaunchScreen.storyboard in Resources */,
				C3CA3C2B1D0D01A2000FEF66 /* auth_service_anonymous.svg in Resources */,
				C3D399E91D0B894200FD9838 /* Dummy.storyboard in Resources */,
				C3D399E71D0B88D400FD9838 /* Function.storyboard in Resources */,
				C3D399E51D0B875C00FD9838 /* GoogleService-Info.plist in Resources */,
				C3F1A09A1D0D462400214EDA /* AuthAnonymous.storyboard in Resources */,
				C3CA3C2C1D0D01A2000FEF66 /* auth_service_email.svg in Resources */,
				C309EE5E1CF9D05000DC265E /* Assets.xcassets in Resources */,
				C3FBFC361CF9D36100156DA8 /* Main.storyboard in Resources */,
				C3FB2E9D1D0D91350042704C /* AuthEmailPassword.storyboard in Resources */,
				C3CA3C2F1D0D01A2000FEF66 /* auth_service_google.svg in Resources */,
				C3CA3C301D0D01A2000FEF66 /* auth_service_twitter.svg in Resources */,
				C3CA3C2E1D0D01A2000FEF66 /* auth_service_github.svg in Resources */,
			);
			runOnlyForDeploymentPostprocessing = 0;
		};
/* End PBXResourcesBuildPhase section */

/* Begin PBXShellScriptBuildPhase section */
		5DA6B14EC7E8B36258C0F01B /* 📦 Copy Pods Resources */ = {
			isa = PBXShellScriptBuildPhase;
			buildActionMask = 2147483647;
			files = (
			);
			inputPaths = (
			);
			name = "📦 Copy Pods Resources";
			outputPaths = (
			);
			runOnlyForDeploymentPostprocessing = 0;
			shellPath = /bin/sh;
			shellScript = "\"${SRCROOT}/Pods/Target Support Files/Pods-SampleFirebase/Pods-SampleFirebase-resources.sh\"\n";
			showEnvVarsInLog = 0;
		};
		8926307A3B309595FB6DE3AB /* 📦 Embed Pods Frameworks */ = {
			isa = PBXShellScriptBuildPhase;
			buildActionMask = 2147483647;
			files = (
			);
			inputPaths = (
			);
			name = "📦 Embed Pods Frameworks";
			outputPaths = (
			);
			runOnlyForDeploymentPostprocessing = 0;
			shellPath = /bin/sh;
			shellScript = "\"${SRCROOT}/Pods/Target Support Files/Pods-SampleFirebase/Pods-SampleFirebase-frameworks.sh\"\n";
			showEnvVarsInLog = 0;
		};
		98A8AD0C6F48B38C37B7C999 /* 📦 Check Pods Manifest.lock */ = {
			isa = PBXShellScriptBuildPhase;
			buildActionMask = 2147483647;
			files = (
			);
			inputPaths = (
			);
			name = "📦 Check Pods Manifest.lock";
			outputPaths = (
			);
			runOnlyForDeploymentPostprocessing = 0;
			shellPath = /bin/sh;
			shellScript = "diff \"${PODS_ROOT}/../Podfile.lock\" \"${PODS_ROOT}/Manifest.lock\" > /dev/null\nif [[ $? != 0 ]] ; then\n    cat << EOM\nerror: The sandbox is not in sync with the Podfile.lock. Run 'pod install' or update your CocoaPods installation.\nEOM\n    exit 1\nfi\n";
			showEnvVarsInLog = 0;
		};
/* End PBXShellScriptBuildPhase section */

/* Begin PBXSourcesBuildPhase section */
		C309EE4F1CF9D05000DC265E /* Sources */ = {
			isa = PBXSourcesBuildPhase;
			buildActionMask = 2147483647;
			files = (
				C3F1A09C1D0D468900214EDA /* AuthAnonymousViewController.swift in Sources */,
				C309EE571CF9D05000DC265E /* AppDelegate.swift in Sources */,
				C3AE37041D0EE0F6009B56D3 /* AuthEmailPasswordViewController.swift in Sources */,
			);
			runOnlyForDeploymentPostprocessing = 0;
		};
/* End PBXSourcesBuildPhase section */

/* Begin PBXVariantGroup section */
		C309EE5F1CF9D05000DC265E /* LaunchScreen.storyboard */ = {
			isa = PBXVariantGroup;
			children = (
				C309EE601CF9D05000DC265E /* Base */,
			);
			name = LaunchScreen.storyboard;
			sourceTree = "<group>";
		};
/* End PBXVariantGroup section */

/* Begin XCBuildConfiguration section */
		C309EE631CF9D05000DC265E /* Debug */ = {
			isa = XCBuildConfiguration;
			buildSettings = {
				ALWAYS_SEARCH_USER_PATHS = NO;
				CLANG_ANALYZER_NONNULL = YES;
				CLANG_CXX_LANGUAGE_STANDARD = "gnu++0x";
				CLANG_CXX_LIBRARY = "libc++";
				CLANG_ENABLE_MODULES = YES;
				CLANG_ENABLE_OBJC_ARC = YES;
				CLANG_WARN_BOOL_CONVERSION = YES;
				CLANG_WARN_CONSTANT_CONVERSION = YES;
				CLANG_WARN_DIRECT_OBJC_ISA_USAGE = YES_ERROR;
				CLANG_WARN_EMPTY_BODY = YES;
				CLANG_WARN_ENUM_CONVERSION = YES;
				CLANG_WARN_INT_CONVERSION = YES;
				CLANG_WARN_OBJC_ROOT_CLASS = YES_ERROR;
				CLANG_WARN_UNREACHABLE_CODE = YES;
				CLANG_WARN__DUPLICATE_METHOD_MATCH = YES;
				"CODE_SIGN_IDENTITY[sdk=iphoneos*]" = "iPhone Developer";
				COPY_PHASE_STRIP = NO;
				DEBUG_INFORMATION_FORMAT = dwarf;
				ENABLE_STRICT_OBJC_MSGSEND = YES;
				ENABLE_TESTABILITY = YES;
				GCC_C_LANGUAGE_STANDARD = gnu99;
				GCC_DYNAMIC_NO_PIC = NO;
				GCC_NO_COMMON_BLOCKS = YES;
				GCC_OPTIMIZATION_LEVEL = 0;
				GCC_PREPROCESSOR_DEFINITIONS = (
					"DEBUG=1",
					"$(inherited)",
				);
				GCC_WARN_64_TO_32_BIT_CONVERSION = YES;
				GCC_WARN_ABOUT_RETURN_TYPE = YES_ERROR;
				GCC_WARN_UNDECLARED_SELECTOR = YES;
				GCC_WARN_UNINITIALIZED_AUTOS = YES_AGGRESSIVE;
				GCC_WARN_UNUSED_FUNCTION = YES;
				GCC_WARN_UNUSED_VARIABLE = YES;
				IPHONEOS_DEPLOYMENT_TARGET = 9.3;
				MTL_ENABLE_DEBUG_INFO = YES;
				ONLY_ACTIVE_ARCH = YES;
				SDKROOT = iphoneos;
				SWIFT_OBJC_BRIDGING_HEADER = "$(SRCROOT)/$(PRODUCT)/SampleFirebase/SampleFirebase-Bridging-Header.h";
				SWIFT_OPTIMIZATION_LEVEL = "-Onone";
			};
			name = Debug;
		};
		C309EE641CF9D05000DC265E /* Release */ = {
			isa = XCBuildConfiguration;
			buildSettings = {
				ALWAYS_SEARCH_USER_PATHS = NO;
				CLANG_ANALYZER_NONNULL = YES;
				CLANG_CXX_LANGUAGE_STANDARD = "gnu++0x";
				CLANG_CXX_LIBRARY = "libc++";
				CLANG_ENABLE_MODULES = YES;
				CLANG_ENABLE_OBJC_ARC = YES;
				CLANG_WARN_BOOL_CONVERSION = YES;
				CLANG_WARN_CONSTANT_CONVERSION = YES;
				CLANG_WARN_DIRECT_OBJC_ISA_USAGE = YES_ERROR;
				CLANG_WARN_EMPTY_BODY = YES;
				CLANG_WARN_ENUM_CONVERSION = YES;
				CLANG_WARN_INT_CONVERSION = YES;
				CLANG_WARN_OBJC_ROOT_CLASS = YES_ERROR;
				CLANG_WARN_UNREACHABLE_CODE = YES;
				CLANG_WARN__DUPLICATE_METHOD_MATCH = YES;
				"CODE_SIGN_IDENTITY[sdk=iphoneos*]" = "iPhone Developer";
				COPY_PHASE_STRIP = NO;
				DEBUG_INFORMATION_FORMAT = "dwarf-with-dsym";
				ENABLE_NS_ASSERTIONS = NO;
				ENABLE_STRICT_OBJC_MSGSEND = YES;
				GCC_C_LANGUAGE_STANDARD = gnu99;
				GCC_NO_COMMON_BLOCKS = YES;
				GCC_WARN_64_TO_32_BIT_CONVERSION = YES;
				GCC_WARN_ABOUT_RETURN_TYPE = YES_ERROR;
				GCC_WARN_UNDECLARED_SELECTOR = YES;
				GCC_WARN_UNINITIALIZED_AUTOS = YES_AGGRESSIVE;
				GCC_WARN_UNUSED_FUNCTION = YES;
				GCC_WARN_UNUSED_VARIABLE = YES;
				IPHONEOS_DEPLOYMENT_TARGET = 9.3;
				MTL_ENABLE_DEBUG_INFO = NO;
				SDKROOT = iphoneos;
				SWIFT_OBJC_BRIDGING_HEADER = "$(SRCROOT)/$(PRODUCT)/SampleFirebase/SampleFirebase-Bridging-Header.h";
				VALIDATE_PRODUCT = YES;
			};
			name = Release;
		};
		C309EE661CF9D05000DC265E /* Debug */ = {
			isa = XCBuildConfiguration;
			baseConfigurationReference = 4C99729DB5A49AA053DC9117 /* Pods-SampleFirebase.debug.xcconfig */;
			buildSettings = {
				ASSETCATALOG_COMPILER_APPICON_NAME = AppIcon;
				INFOPLIST_FILE = SampleFirebase/Info.plist;
				LD_RUNPATH_SEARCH_PATHS = "$(inherited) @executable_path/Frameworks";
				PRODUCT_BUNDLE_IDENTIFIER = com.capricelab.ios.SampleFirebase;
				PRODUCT_NAME = "$(TARGET_NAME)";
			};
			name = Debug;
		};
		C309EE671CF9D05000DC265E /* Release */ = {
			isa = XCBuildConfiguration;
			baseConfigurationReference = 9CF243704BC726334E305A84 /* Pods-SampleFirebase.release.xcconfig */;
			buildSettings = {
				ASSETCATALOG_COMPILER_APPICON_NAME = AppIcon;
				INFOPLIST_FILE = SampleFirebase/Info.plist;
				LD_RUNPATH_SEARCH_PATHS = "$(inherited) @executable_path/Frameworks";
				PRODUCT_BUNDLE_IDENTIFIER = com.capricelab.ios.SampleFirebase;
				PRODUCT_NAME = "$(TARGET_NAME)";
			};
			name = Release;
		};
/* End XCBuildConfiguration section */

/* Begin XCConfigurationList section */
		C309EE4E1CF9D05000DC265E /* Build configuration list for PBXProject "SampleFirebase" */ = {
			isa = XCConfigurationList;
			buildConfigurations = (
				C309EE631CF9D05000DC265E /* Debug */,
				C309EE641CF9D05000DC265E /* Release */,
			);
			defaultConfigurationIsVisible = 0;
			defaultConfigurationName = Release;
		};
		C309EE651CF9D05000DC265E /* Build configuration list for PBXNativeTarget "SampleFirebase" */ = {
			isa = XCConfigurationList;
			buildConfigurations = (
				C309EE661CF9D05000DC265E /* Debug */,
				C309EE671CF9D05000DC265E /* Release */,
			);
			defaultConfigurationIsVisible = 0;
			defaultConfigurationName = Release;
		};
/* End XCConfigurationList section */
	};
	rootObject = C309EE4B1CF9D05000DC265E /* Project object */;
}
